
Microsoft Visual Studio Solution File, Format Version 12.00
# Visual Studio Version 17
VisualStudioVersion = 17.4.33205.214
MinimumVisualStudioVersion = 10.0.40219.1
Project("{FAE04EC0-301F-11D3-BF4B-00C04F79EFBC}") = "ApiJwtDemo", "ApiJwtDemo.csproj", "{416884B0-9B0F-42C2-93F9-259F2B45EA71}"
EndProject
Global
	GlobalSection(SolutionConfigurationPlatforms) = preSolution
		Debug|Any CPU = Debug|Any CPU
		Release|Any CPU = Release|Any CPU
	EndGlobalSection
	GlobalSection(ProjectConfigurationPlatforms) = postSolution
		{416884B0-9B0F-42C2-93F9-259F2B45EA71}.Debug|Any CPU.ActiveCfg = Debug|Any CPU
		{416884B0-9B0F-42C2-93F9-259F2B45EA71}.Debug|Any CPU.Build.0 = Debug|Any CPU
		{416884B0-9B0F-42C2-93F9-259F2B45EA71}.Release|Any CPU.ActiveCfg = Release|Any CPU
		{416884B0-9B0F-42C2-93F9-259F2B45EA71}.Release|Any CPU.Build.0 = Release|Any CPU
	EndGlobalSection
	GlobalSection(SolutionProperties) = preSolution
		HideSolutionNode = FALSE
	EndGlobalSection
	GlobalSection(ExtensibilityGlobals) = postSolution
		SolutionGuid = {E79186DD-BAA8-4F0F-BDFB-4F739AE6E840}
	EndGlobalSection
EndGlobal
